// !$*UTF8*$!
{
	archiveVersion = 1;
	classes = {
	};
	objectVersion = 50;
	objects = {

/* Begin PBXBuildFile section */
		16794A672472D2AA00A6A3F8 /* FileManager.cpp in Sources */ = {isa = PBXBuildFile; fileRef = 16794A652472D2AA00A6A3F8 /* FileManager.cpp */; };
		16794A6A2472DC6C00A6A3F8 /* Test.cpp in Sources */ = {isa = PBXBuildFile; fileRef = 16794A682472DC6C00A6A3F8 /* Test.cpp */; };
		16931AC3246F08BB009396D9 /* main.cpp in Sources */ = {isa = PBXBuildFile; fileRef = 16931AC2246F08BB009396D9 /* main.cpp */; };
		16931ACB246F08D2009396D9 /* Time.cpp in Sources */ = {isa = PBXBuildFile; fileRef = 16931AC9246F08D2009396D9 /* Time.cpp */; };
		16931ACE246F08FA009396D9 /* Meeting.cpp in Sources */ = {isa = PBXBuildFile; fileRef = 16931ACC246F08FA009396D9 /* Meeting.cpp */; };
		16931AD1246F090B009396D9 /* Date.cpp in Sources */ = {isa = PBXBuildFile; fileRef = 16931ACF246F090B009396D9 /* Date.cpp */; };
		16931AD4246F0923009396D9 /* Calendar.cpp in Sources */ = {isa = PBXBuildFile; fileRef = 16931AD2246F0923009396D9 /* Calendar.cpp */; };
/* End PBXBuildFile section */

/* Begin PBXCopyFilesBuildPhase section */
		16931ABD246F08BB009396D9 /* CopyFiles */ = {
			isa = PBXCopyFilesBuildPhase;
			buildActionMask = 2147483647;
			dstPath = /usr/share/man/man1/;
			dstSubfolderSpec = 0;
			files = (
			);
			runOnlyForDeploymentPostprocessing = 1;
		};
/* End PBXCopyFilesBuildPhase section */

/* Begin PBXFileReference section */
		16794A652472D2AA00A6A3F8 /* FileManager.cpp */ = {isa = PBXFileReference; lastKnownFileType = sourcecode.cpp.cpp; path = FileManager.cpp; sourceTree = "<group>"; };
		16794A662472D2AA00A6A3F8 /* FileManager.hpp */ = {isa = PBXFileReference; lastKnownFileType = sourcecode.cpp.h; path = FileManager.hpp; sourceTree = "<group>"; };
		16794A682472DC6C00A6A3F8 /* Test.cpp */ = {isa = PBXFileReference; lastKnownFileType = sourcecode.cpp.cpp; path = Test.cpp; sourceTree = "<group>"; };
		16794A692472DC6C00A6A3F8 /* Test.hpp */ = {isa = PBXFileReference; lastKnownFileType = sourcecode.cpp.h; path = Test.hpp; sourceTree = "<group>"; };
		16931ABF246F08BB009396D9 /* PROJECT Calendar v3 */ = {isa = PBXFileReference; explicitFileType = "compiled.mach-o.executable"; includeInIndex = 0; path = "PROJECT Calendar v3"; sourceTree = BUILT_PRODUCTS_DIR; };
		16931AC2246F08BB009396D9 /* main.cpp */ = {isa = PBXFileReference; lastKnownFileType = sourcecode.cpp.cpp; name = main.cpp; path = "PROJECT Calendar v3/main.cpp"; sourceTree = SOURCE_ROOT; };
		16931AC9246F08D2009396D9 /* Time.cpp */ = {isa = PBXFileReference; lastKnownFileType = sourcecode.cpp.cpp; path = Time.cpp; sourceTree = "<group>"; };
		16931ACA246F08D2009396D9 /* Time.hpp */ = {isa = PBXFileReference; lastKnownFileType = sourcecode.cpp.h; path = Time.hpp; sourceTree = "<group>"; };
		16931ACC246F08FA009396D9 /* Meeting.cpp */ = {isa = PBXFileReference; lastKnownFileType = sourcecode.cpp.cpp; path = Meeting.cpp; sourceTree = "<group>"; };
		16931ACD246F08FA009396D9 /* Meeting.hpp */ = {isa = PBXFileReference; lastKnownFileType = sourcecode.cpp.h; path = Meeting.hpp; sourceTree = "<group>"; };
		16931ACF246F090B009396D9 /* Date.cpp */ = {isa = PBXFileReference; lastKnownFileType = sourcecode.cpp.cpp; path = Date.cpp; sourceTree = "<group>"; };
		16931AD0246F090B009396D9 /* Date.hpp */ = {isa = PBXFileReference; lastKnownFileType = sourcecode.cpp.h; path = Date.hpp; sourceTree = "<group>"; };
		16931AD2246F0923009396D9 /* Calendar.cpp */ = {isa = PBXFileReference; lastKnownFileType = sourcecode.cpp.cpp; path = Calendar.cpp; sourceTree = "<group>"; };
		16931AD3246F0923009396D9 /* Calendar.hpp */ = {isa = PBXFileReference; lastKnownFileType = sourcecode.cpp.h; path = Calendar.hpp; sourceTree = "<group>"; };
/* End PBXFileReference section */

/* Begin PBXFrameworksBuildPhase section */
		16931ABC246F08BB009396D9 /* Frameworks */ = {
			isa = PBXFrameworksBuildPhase;
			buildActionMask = 2147483647;
			files = (
			);
			runOnlyForDeploymentPostprocessing = 0;
		};
/* End PBXFrameworksBuildPhase section */

/* Begin PBXGroup section */
		16931AB6246F08BA009396D9 = {
			isa = PBXGroup;
			children = (
				16931AC1246F08BB009396D9 /* PROJECT Calendar v3 */,
				16931AC0246F08BB009396D9 /* Products */,
			);
			sourceTree = "<group>";
		};
		16931AC0246F08BB009396D9 /* Products */ = {
			isa = PBXGroup;
			children = (
				16931ABF246F08BB009396D9 /* PROJECT Calendar v3 */,
			);
			name = Products;
			sourceTree = "<group>";
		};
		16931AC1246F08BB009396D9 /* PROJECT Calendar v3 */ = {
			isa = PBXGroup;
			children = (
				16931AC9246F08D2009396D9 /* Time.cpp */,
				16931ACA246F08D2009396D9 /* Time.hpp */,
				16931ACC246F08FA009396D9 /* Meeting.cpp */,
				16931ACD246F08FA009396D9 /* Meeting.hpp */,
				16931ACF246F090B009396D9 /* Date.cpp */,
				16931AD0246F090B009396D9 /* Date.hpp */,
				16931AD2246F0923009396D9 /* Calendar.cpp */,
				16931AD3246F0923009396D9 /* Calendar.hpp */,
				16794A652472D2AA00A6A3F8 /* FileManager.cpp */,
				16794A662472D2AA00A6A3F8 /* FileManager.hpp */,
				16794A682472DC6C00A6A3F8 /* Test.cpp */,
				16794A692472DC6C00A6A3F8 /* Test.hpp */,
				16931AC2246F08BB009396D9 /* main.cpp */,
			);
			path = "PROJECT Calendar v3";
			sourceTree = "<group>";
		};
/* End PBXGroup section */

/* Begin PBXNativeTarget section */
		16931ABE246F08BB009396D9 /* PROJECT Calendar v3 */ = {
			isa = PBXNativeTarget;
			buildConfigurationList = 16931AC6246F08BB009396D9 /* Build configuration list for PBXNativeTarget "PROJECT Calendar v3" */;
			buildPhases = (
				16931ABB246F08BB009396D9 /* Sources */,
				16931ABC246F08BB009396D9 /* Frameworks */,
				16931ABD246F08BB009396D9 /* CopyFiles */,
			);
			buildRules = (
			);
			dependencies = (
			);
			name = "PROJECT Calendar v3";
			productName = "PROJECT Calendar v3";
			productReference = 16931ABF246F08BB009396D9 /* PROJECT Calendar v3 */;
			productType = "com.apple.product-type.tool";
		};
/* End PBXNativeTarget section */

/* Begin PBXProject section */
		16931AB7246F08BA009396D9 /* Project object */ = {
			isa = PBXProject;
			attributes = {
				LastUpgradeCheck = 1150;
				ORGANIZATIONNAME = "Dennis Dimitrov";
				TargetAttributes = {
					16931ABE246F08BB009396D9 = {
						CreatedOnToolsVersion = 11.4;
					};
				};
			};
			buildConfigurationList = 16931ABA246F08BA009396D9 /* Build configuration list for PBXProject "PROJECT Calendar v3" */;
			compatibilityVersion = "Xcode 9.3";
			developmentRegion = en;
			hasScannedForEncodings = 0;
			knownRegions = (
				en,
				Base,
			);
			mainGroup = 16931AB6246F08BA009396D9;
			productRefGroup = 16931AC0246F08BB009396D9 /* Products */;
			projectDirPath = "";
			projectRoot = "";
			targets = (
				16931ABE246F08BB009396D9 /* PROJECT Calendar v3 */,
			);
		};
/* End PBXProject section */

/* Begin PBXSourcesBuildPhase section */
		16931ABB246F08BB009396D9 /* Sources */ = {
			isa = PBXSourcesBuildPhase;
			buildActionMask = 2147483647;
			files = (
				16931ACE246F08FA009396D9 /* Meeting.cpp in Sources */,
				16931ACB246F08D2009396D9 /* Time.cpp in Sources */,
				16794A6A2472DC6C00A6A3F8 /* Test.cpp in Sources */,
				16931AC3246F08BB009396D9 /* main.cpp in Sources */,
				16794A672472D2AA00A6A3F8 /* FileManager.cpp in Sources */,
				16931AD4246F0923009396D9 /* Calendar.cpp in Sources */,
				16931AD1246F090B009396D9 /* Date.cpp in Sources */,
			);
			runOnlyForDeploymentPostprocessing = 0;
		};
/* End PBXSourcesBuildPhase section */

/* Begin XCBuildConfiguration section */
		16931AC4246F08BB009396D9 /* Debug */ = {
			isa = XCBuildConfiguration;
			buildSettings = {
				ALWAYS_SEARCH_USER_PATHS = NO;
				CLANG_ANALYZER_NONNULL = YES;
				CLANG_ANALYZER_NUMBER_OBJECT_CONVERSION = YES_AGGRESSIVE;
				CLANG_CXX_LANGUAGE_STANDARD = "gnu++14";
				CLANG_CXX_LIBRARY = "libc++";
				CLANG_ENABLE_MODULES = YES;
				CLANG_ENABLE_OBJC_ARC = YES;
				CLANG_ENABLE_OBJC_WEAK = YES;
				CLANG_WARN_BLOCK_CAPTURE_AUTORELEASING = YES;
				CLANG_WARN_BOOL_CONVERSION = YES;
				CLANG_WARN_COMMA = YES;
				CLANG_WARN_CONSTANT_CONVERSION = YES;
				CLANG_WARN_DEPRECATED_OBJC_IMPLEMENTATIONS = YES;
				CLANG_WARN_DIRECT_OBJC_ISA_USAGE = YES_ERROR;
				CLANG_WARN_DOCUMENTATION_COMMENTS = YES;
				CLANG_WARN_EMPTY_BODY = YES;
				CLANG_WARN_ENUM_CONVERSION = YES;
				CLANG_WARN_INFINITE_RECURSION = YES;
				CLANG_WARN_INT_CONVERSION = YES;
				CLANG_WARN_NON_LITERAL_NULL_CONVERSION = YES;
				CLANG_WARN_OBJC_IMPLICIT_RETAIN_SELF = YES;
				CLANG_WARN_OBJC_LITERAL_CONVERSION = YES;
				CLANG_WARN_OBJC_ROOT_CLASS = YES_ERROR;
				CLANG_WARN_RANGE_LOOP_ANALYSIS = YES;
				CLANG_WARN_STRICT_PROTOTYPES = YES;
				CLANG_WARN_SUSPICIOUS_MOVE = YES;
				CLANG_WARN_UNGUARDED_AVAILABILITY = YES_AGGRESSIVE;
				CLANG_WARN_UNREACHABLE_CODE = YES;
				CLANG_WARN__DUPLICATE_METHOD_MATCH = YES;
				COPY_PHASE_STRIP = NO;
				DEBUG_INFORMATION_FORMAT = dwarf;
				ENABLE_STRICT_OBJC_MSGSEND = YES;
				ENABLE_TESTABILITY = YES;
				GCC_C_LANGUAGE_STANDARD = gnu11;
				GCC_DYNAMIC_NO_PIC = NO;
				GCC_NO_COMMON_BLOCKS = YES;
				GCC_OPTIMIZATION_LEVEL = 0;
				GCC_PREPROCESSOR_DEFINITIONS = (
					"DEBUG=1",
					"$(inherited)",
				);
				GCC_WARN_64_TO_32_BIT_CONVERSION = YES;
				GCC_WARN_ABOUT_RETURN_TYPE = YES_ERROR;
				GCC_WARN_UNDECLARED_SELECTOR = YES;
				GCC_WARN_UNINITIALIZED_AUTOS = YES_AGGRESSIVE;
				GCC_WARN_UNUSED_FUNCTION = YES;
				GCC_WARN_UNUSED_VARIABLE = YES;
				MACOSX_DEPLOYMENT_TARGET = 10.15;
				MTL_ENABLE_DEBUG_INFO = INCLUDE_SOURCE;
				MTL_FAST_MATH = YES;
				ONLY_ACTIVE_ARCH = YES;
				SDKROOT = macosx;
			};
			name = Debug;
		};
		16931AC5246F08BB009396D9 /* Release */ = {
			isa = XCBuildConfiguration;
			buildSettings = {
				ALWAYS_SEARCH_USER_PATHS = NO;
				CLANG_ANALYZER_NONNULL = YES;
				CLANG_ANALYZER_NUMBER_OBJECT_CONVERSION = YES_AGGRESSIVE;
				CLANG_CXX_LANGUAGE_STANDARD = "gnu++14";
				CLANG_CXX_LIBRARY = "libc++";
				CLANG_ENABLE_MODULES = YES;
				CLANG_ENABLE_OBJC_ARC = YES;
				CLANG_ENABLE_OBJC_WEAK = YES;
				CLANG_WARN_BLOCK_CAPTURE_AUTORELEASING = YES;
				CLANG_WARN_BOOL_CONVERSION = YES;
				CLANG_WARN_COMMA = YES;
				CLANG_WARN_CONSTANT_CONVERSION = YES;
				CLANG_WARN_DEPRECATED_OBJC_IMPLEMENTATIONS = YES;
				CLANG_WARN_DIRECT_OBJC_ISA_USAGE = YES_ERROR;
				CLANG_WARN_DOCUMENTATION_COMMENTS = YES;
				CLANG_WARN_EMPTY_BODY = YES;
				CLANG_WARN_ENUM_CONVERSION = YES;
				CLANG_WARN_INFINITE_RECURSION = YES;
				CLANG_WARN_INT_CONVERSION = YES;
				CLANG_WARN_NON_LITERAL_NULL_CONVERSION = YES;
				CLANG_WARN_OBJC_IMPLICIT_RETAIN_SELF = YES;
				CLANG_WARN_OBJC_LITERAL_CONVERSION = YES;
				CLANG_WARN_OBJC_ROOT_CLASS = YES_ERROR;
				CLANG_WARN_RANGE_LOOP_ANALYSIS = YES;
				CLANG_WARN_STRICT_PROTOTYPES = YES;
				CLANG_WARN_SUSPICIOUS_MOVE = YES;
				CLANG_WARN_UNGUARDED_AVAILABILITY = YES_AGGRESSIVE;
				CLANG_WARN_UNREACHABLE_CODE = YES;
				CLANG_WARN__DUPLICATE_METHOD_MATCH = YES;
				COPY_PHASE_STRIP = NO;
				DEBUG_INFORMATION_FORMAT = "dwarf-with-dsym";
				ENABLE_NS_ASSERTIONS = NO;
				ENABLE_STRICT_OBJC_MSGSEND = YES;
				GCC_C_LANGUAGE_STANDARD = gnu11;
				GCC_NO_COMMON_BLOCKS = YES;
				GCC_WARN_64_TO_32_BIT_CONVERSION = YES;
				GCC_WARN_ABOUT_RETURN_TYPE = YES_ERROR;
				GCC_WARN_UNDECLARED_SELECTOR = YES;
				GCC_WARN_UNINITIALIZED_AUTOS = YES_AGGRESSIVE;
				GCC_WARN_UNUSED_FUNCTION = YES;
				GCC_WARN_UNUSED_VARIABLE = YES;
				MACOSX_DEPLOYMENT_TARGET = 10.15;
				MTL_ENABLE_DEBUG_INFO = NO;
				MTL_FAST_MATH = YES;
				SDKROOT = macosx;
			};
			name = Release;
		};
		16931AC7246F08BB009396D9 /* Debug */ = {
			isa = XCBuildConfiguration;
			buildSettings = {
				CODE_SIGN_IDENTITY = "-";
				CODE_SIGN_STYLE = Automatic;
				PRODUCT_NAME = "$(TARGET_NAME)";
			};
			name = Debug;
		};
		16931AC8246F08BB009396D9 /* Release */ = {
			isa = XCBuildConfiguration;
			buildSettings = {
				CODE_SIGN_IDENTITY = "-";
				CODE_SIGN_STYLE = Automatic;
				PRODUCT_NAME = "$(TARGET_NAME)";
			};
			name = Release;
		};
/* End XCBuildConfiguration section */

/* Begin XCConfigurationList section */
		16931ABA246F08BA009396D9 /* Build configuration list for PBXProject "PROJECT Calendar v3" */ = {
			isa = XCConfigurationList;
			buildConfigurations = (
				16931AC4246F08BB009396D9 /* Debug */,
				16931AC5246F08BB009396D9 /* Release */,
			);
			defaultConfigurationIsVisible = 0;
			defaultConfigurationName = Release;
		};
		16931AC6246F08BB009396D9 /* Build configuration list for PBXNativeTarget "PROJECT Calendar v3" */ = {
			isa = XCConfigurationList;
			buildConfigurations = (
				16931AC7246F08BB009396D9 /* Debug */,
				16931AC8246F08BB009396D9 /* Release */,
			);
			defaultConfigurationIsVisible = 0;
			defaultConfigurationName = Release;
		};
/* End XCConfigurationList section */
	};
	rootObject = 16931AB7246F08BA009396D9 /* Project object */;
}
